
Microsoft Visual Studio Solution File, Format Version 12.00
# Visual Studio for Mac
Project("{FAE04EC0-301F-11D3-BF4B-00C04F79EFBC}") = "Assembly-CSharp", "Assembly-CSharp.csproj", "{D7661684-514B-E4B7-2543-3A1FB7E43026}"
EndProject
Project("{FAE04EC0-301F-11D3-BF4B-00C04F79EFBC}") = "Assembly-CSharp-Editor", "Assembly-CSharp-Editor.csproj", "{DB22C782-4FC9-3915-6364-2B43450F05E9}"
EndProject
Global
	GlobalSection(SolutionConfigurationPlatforms) = preSolution
		Debug|Any CPU = Debug|Any CPU
		Release|Any CPU = Release|Any CPU
	EndGlobalSection
	GlobalSection(ProjectConfigurationPlatforms) = postSolution
		{D7661684-514B-E4B7-2543-3A1FB7E43026}.Debug|Any CPU.ActiveCfg = Debug|Any CPU
		{D7661684-514B-E4B7-2543-3A1FB7E43026}.Debug|Any CPU.Build.0 = Debug|Any CPU
		{D7661684-514B-E4B7-2543-3A1FB7E43026}.Release|Any CPU.ActiveCfg = Release|Any CPU
		{D7661684-514B-E4B7-2543-3A1FB7E43026}.Release|Any CPU.Build.0 = Release|Any CPU
		{DB22C782-4FC9-3915-6364-2B43450F05E9}.Debug|Any CPU.ActiveCfg = Debug|Any CPU
		{DB22C782-4FC9-3915-6364-2B43450F05E9}.Debug|Any CPU.Build.0 = Debug|Any CPU
		{DB22C782-4FC9-3915-6364-2B43450F05E9}.Release|Any CPU.ActiveCfg = Release|Any CPU
		{DB22C782-4FC9-3915-6364-2B43450F05E9}.Release|Any CPU.Build.0 = Release|Any CPU
	EndGlobalSection
	GlobalSection(SolutionProperties) = preSolution
		HideSolutionNode = FALSE
	EndGlobalSection
EndGlobal
