
Microsoft Visual Studio Solution File, Format Version 12.00
# Visual Studio for Mac
Project("{FAE04EC0-301F-11D3-BF4B-00C04F79EFBC}") = "Assembly-CSharp", "Assembly-CSharp.csproj", "{612DB4BC-A45D-AEA9-738B-76D5933DABE9}"
EndProject
Project("{FAE04EC0-301F-11D3-BF4B-00C04F79EFBC}") = "Assembly-CSharp-Editor", "Assembly-CSharp-Editor.csproj", "{AAAEB7EA-82A3-1699-DB3D-A8373D4C2116}"
EndProject
Global
	GlobalSection(SolutionConfigurationPlatforms) = preSolution
		Debug|Any CPU = Debug|Any CPU
		Release|Any CPU = Release|Any CPU
	EndGlobalSection
	GlobalSection(ProjectConfigurationPlatforms) = postSolution
		{612DB4BC-A45D-AEA9-738B-76D5933DABE9}.Debug|Any CPU.ActiveCfg = Debug|Any CPU
		{612DB4BC-A45D-AEA9-738B-76D5933DABE9}.Debug|Any CPU.Build.0 = Debug|Any CPU
		{612DB4BC-A45D-AEA9-738B-76D5933DABE9}.Release|Any CPU.ActiveCfg = Release|Any CPU
		{612DB4BC-A45D-AEA9-738B-76D5933DABE9}.Release|Any CPU.Build.0 = Release|Any CPU
		{AAAEB7EA-82A3-1699-DB3D-A8373D4C2116}.Debug|Any CPU.ActiveCfg = Debug|Any CPU
		{AAAEB7EA-82A3-1699-DB3D-A8373D4C2116}.Debug|Any CPU.Build.0 = Debug|Any CPU
		{AAAEB7EA-82A3-1699-DB3D-A8373D4C2116}.Release|Any CPU.ActiveCfg = Release|Any CPU
		{AAAEB7EA-82A3-1699-DB3D-A8373D4C2116}.Release|Any CPU.Build.0 = Release|Any CPU
	EndGlobalSection
	GlobalSection(SolutionProperties) = preSolution
		HideSolutionNode = FALSE
	EndGlobalSection
EndGlobal
